
Microsoft Visual Studio Solution File, Format Version 11.00
# Visual Studio 2010
Project("{FAE04EC0-301F-11D3-BF4B-00C04F79EFBC}") = "gcFactories", "gcFactories\gcFactories.csproj", "{57087918-D593-4072-8F24-B333B51B05B3}"
EndProject
Project("{FAE04EC0-301F-11D3-BF4B-00C04F79EFBC}") = "gcFactories.Tests", "gcFactories.Tests\gcFactories.Tests.csproj", "{886601EE-9151-42B4-AF3A-B28FDF72AD28}"
EndProject
Project("{2150E333-8FDC-42A3-9474-1A3956D46DE8}") = "Solution Items", "Solution Items", "{6E4C6987-955B-4956-BAA4-7CFF91F7B5F4}"
	ProjectSection(SolutionItems) = preProject
		gcInstanceProvidersLib.vsmdi = gcInstanceProvidersLib.vsmdi
	EndProjectSection
EndProject
Project("{FAE04EC0-301F-11D3-BF4B-00C04F79EFBC}") = "gcFactories.MEF", "gcFactories.MEF\gcFactories.MEF.csproj", "{E4E0ADA5-5AA1-40BA-853E-F10CCFCBC38A}"
EndProject
Global
	GlobalSection(TestCaseManagementSettings) = postSolution
		CategoryFile = gcInstanceProvidersLib.vsmdi
	EndGlobalSection
	GlobalSection(SolutionConfigurationPlatforms) = preSolution
		Debug|Any CPU = Debug|Any CPU
		Release|Any CPU = Release|Any CPU
	EndGlobalSection
	GlobalSection(ProjectConfigurationPlatforms) = postSolution
		{57087918-D593-4072-8F24-B333B51B05B3}.Debug|Any CPU.ActiveCfg = Debug|Any CPU
		{57087918-D593-4072-8F24-B333B51B05B3}.Debug|Any CPU.Build.0 = Debug|Any CPU
		{57087918-D593-4072-8F24-B333B51B05B3}.Release|Any CPU.ActiveCfg = Release|Any CPU
		{57087918-D593-4072-8F24-B333B51B05B3}.Release|Any CPU.Build.0 = Release|Any CPU
		{886601EE-9151-42B4-AF3A-B28FDF72AD28}.Debug|Any CPU.ActiveCfg = Debug|Any CPU
		{886601EE-9151-42B4-AF3A-B28FDF72AD28}.Debug|Any CPU.Build.0 = Debug|Any CPU
		{886601EE-9151-42B4-AF3A-B28FDF72AD28}.Release|Any CPU.ActiveCfg = Release|Any CPU
		{886601EE-9151-42B4-AF3A-B28FDF72AD28}.Release|Any CPU.Build.0 = Release|Any CPU
		{E4E0ADA5-5AA1-40BA-853E-F10CCFCBC38A}.Debug|Any CPU.ActiveCfg = Debug|Any CPU
		{E4E0ADA5-5AA1-40BA-853E-F10CCFCBC38A}.Debug|Any CPU.Build.0 = Debug|Any CPU
		{E4E0ADA5-5AA1-40BA-853E-F10CCFCBC38A}.Release|Any CPU.ActiveCfg = Release|Any CPU
		{E4E0ADA5-5AA1-40BA-853E-F10CCFCBC38A}.Release|Any CPU.Build.0 = Release|Any CPU
	EndGlobalSection
	GlobalSection(SolutionProperties) = preSolution
		HideSolutionNode = FALSE
	EndGlobalSection
EndGlobal
